
Microsoft Visual Studio Solution File, Format Version 12.00
# Visual Studio Version 16
VisualStudioVersion = 16.0.29424.173
MinimumVisualStudioVersion = 10.0.40219.1
Project("{9A19103F-16F7-4668-BE54-9A1E7A4F7556}") = "BrewBuddy", "BrewBuddy\BrewBuddy.csproj", "{B685AEB1-94AE-4BFC-9B2A-CF5F7B02E909}"
EndProject
Project("{9A19103F-16F7-4668-BE54-9A1E7A4F7556}") = "BrewBuddy.Data", "BrewBuddy.Data\BrewBuddy.Data.csproj", "{A3ED573F-7735-486E-ACCE-C4D1193E6366}"
EndProject
Project("{2150E333-8FDC-42A3-9474-1A3956D46DE8}") = "SolutionItems", "SolutionItems", "{80544DA2-C697-4A74-8168-5DB9B4DEC132}"
	ProjectSection(SolutionItems) = preProject
		Conventions.md = Conventions.md
	EndProjectSection
EndProject
Global
	GlobalSection(SolutionConfigurationPlatforms) = preSolution
		Debug|Any CPU = Debug|Any CPU
		Release|Any CPU = Release|Any CPU
	EndGlobalSection
	GlobalSection(ProjectConfigurationPlatforms) = postSolution
		{B685AEB1-94AE-4BFC-9B2A-CF5F7B02E909}.Debug|Any CPU.ActiveCfg = Debug|Any CPU
		{B685AEB1-94AE-4BFC-9B2A-CF5F7B02E909}.Debug|Any CPU.Build.0 = Debug|Any CPU
		{B685AEB1-94AE-4BFC-9B2A-CF5F7B02E909}.Release|Any CPU.ActiveCfg = Release|Any CPU
		{B685AEB1-94AE-4BFC-9B2A-CF5F7B02E909}.Release|Any CPU.Build.0 = Release|Any CPU
		{A3ED573F-7735-486E-ACCE-C4D1193E6366}.Debug|Any CPU.ActiveCfg = Debug|Any CPU
		{A3ED573F-7735-486E-ACCE-C4D1193E6366}.Debug|Any CPU.Build.0 = Debug|Any CPU
		{A3ED573F-7735-486E-ACCE-C4D1193E6366}.Release|Any CPU.ActiveCfg = Release|Any CPU
		{A3ED573F-7735-486E-ACCE-C4D1193E6366}.Release|Any CPU.Build.0 = Release|Any CPU
	EndGlobalSection
	GlobalSection(SolutionProperties) = preSolution
		HideSolutionNode = FALSE
	EndGlobalSection
	GlobalSection(ExtensibilityGlobals) = postSolution
		SolutionGuid = {E71DC1D5-1BCB-40E5-B4FD-67309A578593}
	EndGlobalSection
EndGlobal
